// !$*UTF8*$!
{
	archiveVersion = 1;
	classes = {
	};
	objectVersion = 56;
	objects = {

/* Begin PBXBuildFile section */
		830B45282A79976400636E3C /* PokemonService.swift in Sources */ = {isa = PBXBuildFile; fileRef = 830B45272A79976400636E3C /* PokemonService.swift */; };
		830B452B2A7B172100636E3C /* SDWebImage in Frameworks */ = {isa = PBXBuildFile; productRef = 830B452A2A7B172100636E3C /* SDWebImage */; };
		83242EE82A785C1100E86A03 /* HomeViewController.swift in Sources */ = {isa = PBXBuildFile; fileRef = 83242EE72A785C1100E86A03 /* HomeViewController.swift */; };
		83242EEA2A785F5C00E86A03 /* HomeView.swift in Sources */ = {isa = PBXBuildFile; fileRef = 83242EE92A785F5C00E86A03 /* HomeView.swift */; };
		83466E752A6F10A4003724EC /* AppDelegate.swift in Sources */ = {isa = PBXBuildFile; fileRef = 83466E742A6F10A4003724EC /* AppDelegate.swift */; };
		83466E772A6F10A4003724EC /* SceneDelegate.swift in Sources */ = {isa = PBXBuildFile; fileRef = 83466E762A6F10A4003724EC /* SceneDelegate.swift */; };
		83466E7E2A6F10A5003724EC /* Assets.xcassets in Resources */ = {isa = PBXBuildFile; fileRef = 83466E7D2A6F10A5003724EC /* Assets.xcassets */; };
		83466E812A6F10A5003724EC /* LaunchScreen.storyboard in Resources */ = {isa = PBXBuildFile; fileRef = 83466E7F2A6F10A5003724EC /* LaunchScreen.storyboard */; };
		839234B82A7871A000D806DE /* PokemonView.swift in Sources */ = {isa = PBXBuildFile; fileRef = 839234B72A7871A000D806DE /* PokemonView.swift */; };
		83C975D22A719FE6007E5F56 /* PokemonData.swift in Sources */ = {isa = PBXBuildFile; fileRef = 83C975D12A719FE6007E5F56 /* PokemonData.swift */; };
		83C975D62A71CBEF007E5F56 /* CardPokemonView.swift in Sources */ = {isa = PBXBuildFile; fileRef = 83C975D52A71CBEF007E5F56 /* CardPokemonView.swift */; };
		83CB97DB2A7065A600016163 /* PokemonViewController.swift in Sources */ = {isa = PBXBuildFile; fileRef = 83CB97DA2A7065A600016163 /* PokemonViewController.swift */; };
/* End PBXBuildFile section */

/* Begin PBXFileReference section */
		830B45272A79976400636E3C /* PokemonService.swift */ = {isa = PBXFileReference; lastKnownFileType = sourcecode.swift; path = PokemonService.swift; sourceTree = "<group>"; };
		83242EE72A785C1100E86A03 /* HomeViewController.swift */ = {isa = PBXFileReference; lastKnownFileType = sourcecode.swift; path = HomeViewController.swift; sourceTree = "<group>"; };
		83242EE92A785F5C00E86A03 /* HomeView.swift */ = {isa = PBXFileReference; lastKnownFileType = sourcecode.swift; path = HomeView.swift; sourceTree = "<group>"; };
		83466E712A6F10A4003724EC /* Pokedex.app */ = {isa = PBXFileReference; explicitFileType = wrapper.application; includeInIndex = 0; path = Pokedex.app; sourceTree = BUILT_PRODUCTS_DIR; };
		83466E742A6F10A4003724EC /* AppDelegate.swift */ = {isa = PBXFileReference; lastKnownFileType = sourcecode.swift; path = AppDelegate.swift; sourceTree = "<group>"; };
		83466E762A6F10A4003724EC /* SceneDelegate.swift */ = {isa = PBXFileReference; lastKnownFileType = sourcecode.swift; path = SceneDelegate.swift; sourceTree = "<group>"; };
		83466E7D2A6F10A5003724EC /* Assets.xcassets */ = {isa = PBXFileReference; lastKnownFileType = folder.assetcatalog; path = Assets.xcassets; sourceTree = "<group>"; };
		83466E802A6F10A5003724EC /* Base */ = {isa = PBXFileReference; lastKnownFileType = file.storyboard; name = Base; path = Base.lproj/LaunchScreen.storyboard; sourceTree = "<group>"; };
		83466E822A6F10A5003724EC /* Info.plist */ = {isa = PBXFileReference; lastKnownFileType = text.plist.xml; path = Info.plist; sourceTree = "<group>"; };
		839234B72A7871A000D806DE /* PokemonView.swift */ = {isa = PBXFileReference; lastKnownFileType = sourcecode.swift; path = PokemonView.swift; sourceTree = "<group>"; };
		83C975D12A719FE6007E5F56 /* PokemonData.swift */ = {isa = PBXFileReference; lastKnownFileType = sourcecode.swift; path = PokemonData.swift; sourceTree = "<group>"; };
		83C975D52A71CBEF007E5F56 /* CardPokemonView.swift */ = {isa = PBXFileReference; lastKnownFileType = sourcecode.swift; path = CardPokemonView.swift; sourceTree = "<group>"; };
		83CB97DA2A7065A600016163 /* PokemonViewController.swift */ = {isa = PBXFileReference; lastKnownFileType = sourcecode.swift; path = PokemonViewController.swift; sourceTree = "<group>"; };
/* End PBXFileReference section */

/* Begin PBXFrameworksBuildPhase section */
		83466E6E2A6F10A4003724EC /* Frameworks */ = {
			isa = PBXFrameworksBuildPhase;
			buildActionMask = 2147483647;
			files = (
				830B452B2A7B172100636E3C /* SDWebImage in Frameworks */,
			);
			runOnlyForDeploymentPostprocessing = 0;
		};
/* End PBXFrameworksBuildPhase section */

/* Begin PBXGroup section */
		83242EDF2A78469300E86A03 /* Resources */ = {
			isa = PBXGroup;
			children = (
				83466E7D2A6F10A5003724EC /* Assets.xcassets */,
			);
			path = Resources;
			sourceTree = "<group>";
		};
		83242EE02A7846BD00E86A03 /* Sources */ = {
			isa = PBXGroup;
			children = (
				83242EE42A7847C400E86A03 /* Details */,
				83242EE22A78471200E86A03 /* Home */,
			);
			path = Sources;
			sourceTree = "<group>";
		};
		83242EE12A7846D300E86A03 /* Application */ = {
			isa = PBXGroup;
			children = (
				83466E742A6F10A4003724EC /* AppDelegate.swift */,
				83466E762A6F10A4003724EC /* SceneDelegate.swift */,
				83466E7F2A6F10A5003724EC /* LaunchScreen.storyboard */,
			);
			path = Application;
			sourceTree = "<group>";
		};
		83242EE22A78471200E86A03 /* Home */ = {
			isa = PBXGroup;
			children = (
				83242EE32A78474300E86A03 /* View */,
				83242EE72A785C1100E86A03 /* HomeViewController.swift */,
			);
			path = Home;
			sourceTree = "<group>";
		};
		83242EE32A78474300E86A03 /* View */ = {
			isa = PBXGroup;
			children = (
				83C975D52A71CBEF007E5F56 /* CardPokemonView.swift */,
				83242EE92A785F5C00E86A03 /* HomeView.swift */,
			);
			path = View;
			sourceTree = "<group>";
		};
		83242EE42A7847C400E86A03 /* Details */ = {
			isa = PBXGroup;
			children = (
				83242EE52A7847DB00E86A03 /* View */,
				83CB97DA2A7065A600016163 /* PokemonViewController.swift */,
			);
			path = Details;
			sourceTree = "<group>";
		};
		83242EE52A7847DB00E86A03 /* View */ = {
			isa = PBXGroup;
			children = (
				839234B72A7871A000D806DE /* PokemonView.swift */,
			);
			path = View;
			sourceTree = "<group>";
		};
		83242EE62A7847FD00E86A03 /* API */ = {
			isa = PBXGroup;
			children = (
				83C975D12A719FE6007E5F56 /* PokemonData.swift */,
				830B45272A79976400636E3C /* PokemonService.swift */,
			);
			path = API;
			sourceTree = "<group>";
		};
		83466E682A6F10A4003724EC = {
			isa = PBXGroup;
			children = (
				83466E732A6F10A4003724EC /* Pokedex */,
				83466E722A6F10A4003724EC /* Products */,
			);
			sourceTree = "<group>";
		};
		83466E722A6F10A4003724EC /* Products */ = {
			isa = PBXGroup;
			children = (
				83466E712A6F10A4003724EC /* Pokedex.app */,
			);
			name = Products;
			sourceTree = "<group>";
		};
		83466E732A6F10A4003724EC /* Pokedex */ = {
			isa = PBXGroup;
			children = (
				83242EE62A7847FD00E86A03 /* API */,
				83242EDF2A78469300E86A03 /* Resources */,
				83242EE12A7846D300E86A03 /* Application */,
				83242EE02A7846BD00E86A03 /* Sources */,
				83466E822A6F10A5003724EC /* Info.plist */,
			);
			path = Pokedex;
			sourceTree = "<group>";
		};
/* End PBXGroup section */

/* Begin PBXNativeTarget section */
		83466E702A6F10A4003724EC /* Pokedex */ = {
			isa = PBXNativeTarget;
			buildConfigurationList = 83466E852A6F10A5003724EC /* Build configuration list for PBXNativeTarget "Pokedex" */;
			buildPhases = (
				83466E6D2A6F10A4003724EC /* Sources */,
				83466E6E2A6F10A4003724EC /* Frameworks */,
				83466E6F2A6F10A4003724EC /* Resources */,
			);
			buildRules = (
			);
			dependencies = (
			);
			name = Pokedex;
			packageProductDependencies = (
				830B452A2A7B172100636E3C /* SDWebImage */,
			);
			productName = Pokedex;
			productReference = 83466E712A6F10A4003724EC /* Pokedex.app */;
			productType = "com.apple.product-type.application";
		};
/* End PBXNativeTarget section */

/* Begin PBXProject section */
		83466E692A6F10A4003724EC /* Project object */ = {
			isa = PBXProject;
			attributes = {
				BuildIndependentTargetsInParallel = 1;
				LastSwiftUpdateCheck = 1430;
				LastUpgradeCheck = 1430;
				TargetAttributes = {
					83466E702A6F10A4003724EC = {
						CreatedOnToolsVersion = 14.3.1;
					};
				};
			};
			buildConfigurationList = 83466E6C2A6F10A4003724EC /* Build configuration list for PBXProject "Pokedex" */;
			compatibilityVersion = "Xcode 14.0";
			developmentRegion = en;
			hasScannedForEncodings = 0;
			knownRegions = (
				en,
				Base,
			);
			mainGroup = 83466E682A6F10A4003724EC;
			packageReferences = (
				830B45292A7B172100636E3C /* XCRemoteSwiftPackageReference "SDWebImage" */,
			);
			productRefGroup = 83466E722A6F10A4003724EC /* Products */;
			projectDirPath = "";
			projectRoot = "";
			targets = (
				83466E702A6F10A4003724EC /* Pokedex */,
			);
		};
/* End PBXProject section */

/* Begin PBXResourcesBuildPhase section */
		83466E6F2A6F10A4003724EC /* Resources */ = {
			isa = PBXResourcesBuildPhase;
			buildActionMask = 2147483647;
			files = (
				83466E812A6F10A5003724EC /* LaunchScreen.storyboard in Resources */,
				83466E7E2A6F10A5003724EC /* Assets.xcassets in Resources */,
			);
			runOnlyForDeploymentPostprocessing = 0;
		};
/* End PBXResourcesBuildPhase section */

/* Begin PBXSourcesBuildPhase section */
		83466E6D2A6F10A4003724EC /* Sources */ = {
			isa = PBXSourcesBuildPhase;
			buildActionMask = 2147483647;
			files = (
				83466E752A6F10A4003724EC /* AppDelegate.swift in Sources */,
				83C975D62A71CBEF007E5F56 /* CardPokemonView.swift in Sources */,
				839234B82A7871A000D806DE /* PokemonView.swift in Sources */,
				83466E772A6F10A4003724EC /* SceneDelegate.swift in Sources */,
				830B45282A79976400636E3C /* PokemonService.swift in Sources */,
				83CB97DB2A7065A600016163 /* PokemonViewController.swift in Sources */,
				83242EEA2A785F5C00E86A03 /* HomeView.swift in Sources */,
				83242EE82A785C1100E86A03 /* HomeViewController.swift in Sources */,
				83C975D22A719FE6007E5F56 /* PokemonData.swift in Sources */,
			);
			runOnlyForDeploymentPostprocessing = 0;
		};
/* End PBXSourcesBuildPhase section */

/* Begin PBXVariantGroup section */
		83466E7F2A6F10A5003724EC /* LaunchScreen.storyboard */ = {
			isa = PBXVariantGroup;
			children = (
				83466E802A6F10A5003724EC /* Base */,
			);
			name = LaunchScreen.storyboard;
			sourceTree = "<group>";
		};
/* End PBXVariantGroup section */

/* Begin XCBuildConfiguration section */
		83466E832A6F10A5003724EC /* Debug */ = {
			isa = XCBuildConfiguration;
			buildSettings = {
				ALWAYS_SEARCH_USER_PATHS = NO;
				CLANG_ANALYZER_NONNULL = YES;
				CLANG_ANALYZER_NUMBER_OBJECT_CONVERSION = YES_AGGRESSIVE;
				CLANG_CXX_LANGUAGE_STANDARD = "gnu++20";
				CLANG_ENABLE_MODULES = YES;
				CLANG_ENABLE_OBJC_ARC = YES;
				CLANG_ENABLE_OBJC_WEAK = YES;
				CLANG_WARN_BLOCK_CAPTURE_AUTORELEASING = YES;
				CLANG_WARN_BOOL_CONVERSION = YES;
				CLANG_WARN_COMMA = YES;
				CLANG_WARN_CONSTANT_CONVERSION = YES;
				CLANG_WARN_DEPRECATED_OBJC_IMPLEMENTATIONS = YES;
				CLANG_WARN_DIRECT_OBJC_ISA_USAGE = YES_ERROR;
				CLANG_WARN_DOCUMENTATION_COMMENTS = YES;
				CLANG_WARN_EMPTY_BODY = YES;
				CLANG_WARN_ENUM_CONVERSION = YES;
				CLANG_WARN_INFINITE_RECURSION = YES;
				CLANG_WARN_INT_CONVERSION = YES;
				CLANG_WARN_NON_LITERAL_NULL_CONVERSION = YES;
				CLANG_WARN_OBJC_IMPLICIT_RETAIN_SELF = YES;
				CLANG_WARN_OBJC_LITERAL_CONVERSION = YES;
				CLANG_WARN_OBJC_ROOT_CLASS = YES_ERROR;
				CLANG_WARN_QUOTED_INCLUDE_IN_FRAMEWORK_HEADER = YES;
				CLANG_WARN_RANGE_LOOP_ANALYSIS = YES;
				CLANG_WARN_STRICT_PROTOTYPES = YES;
				CLANG_WARN_SUSPICIOUS_MOVE = YES;
				CLANG_WARN_UNGUARDED_AVAILABILITY = YES_AGGRESSIVE;
				CLANG_WARN_UNREACHABLE_CODE = YES;
				CLANG_WARN__DUPLICATE_METHOD_MATCH = YES;
				COPY_PHASE_STRIP = NO;
				DEBUG_INFORMATION_FORMAT = dwarf;
				ENABLE_STRICT_OBJC_MSGSEND = YES;
				ENABLE_TESTABILITY = YES;
				GCC_C_LANGUAGE_STANDARD = gnu11;
				GCC_DYNAMIC_NO_PIC = NO;
				GCC_NO_COMMON_BLOCKS = YES;
				GCC_OPTIMIZATION_LEVEL = 0;
				GCC_PREPROCESSOR_DEFINITIONS = (
					"DEBUG=1",
					"$(inherited)",
				);
				GCC_WARN_64_TO_32_BIT_CONVERSION = YES;
				GCC_WARN_ABOUT_RETURN_TYPE = YES_ERROR;
				GCC_WARN_UNDECLARED_SELECTOR = YES;
				GCC_WARN_UNINITIALIZED_AUTOS = YES_AGGRESSIVE;
				GCC_WARN_UNUSED_FUNCTION = YES;
				GCC_WARN_UNUSED_VARIABLE = YES;
				IPHONEOS_DEPLOYMENT_TARGET = 16.4;
				MTL_ENABLE_DEBUG_INFO = INCLUDE_SOURCE;
				MTL_FAST_MATH = YES;
				ONLY_ACTIVE_ARCH = YES;
				SDKROOT = iphoneos;
				SWIFT_ACTIVE_COMPILATION_CONDITIONS = DEBUG;
				SWIFT_OPTIMIZATION_LEVEL = "-Onone";
			};
			name = Debug;
		};
		83466E842A6F10A5003724EC /* Release */ = {
			isa = XCBuildConfiguration;
			buildSettings = {
				ALWAYS_SEARCH_USER_PATHS = NO;
				CLANG_ANALYZER_NONNULL = YES;
				CLANG_ANALYZER_NUMBER_OBJECT_CONVERSION = YES_AGGRESSIVE;
				CLANG_CXX_LANGUAGE_STANDARD = "gnu++20";
				CLANG_ENABLE_MODULES = YES;
				CLANG_ENABLE_OBJC_ARC = YES;
				CLANG_ENABLE_OBJC_WEAK = YES;
				CLANG_WARN_BLOCK_CAPTURE_AUTORELEASING = YES;
				CLANG_WARN_BOOL_CONVERSION = YES;
				CLANG_WARN_COMMA = YES;
				CLANG_WARN_CONSTANT_CONVERSION = YES;
				CLANG_WARN_DEPRECATED_OBJC_IMPLEMENTATIONS = YES;
				CLANG_WARN_DIRECT_OBJC_ISA_USAGE = YES_ERROR;
				CLANG_WARN_DOCUMENTATION_COMMENTS = YES;
				CLANG_WARN_EMPTY_BODY = YES;
				CLANG_WARN_ENUM_CONVERSION = YES;
				CLANG_WARN_INFINITE_RECURSION = YES;
				CLANG_WARN_INT_CONVERSION = YES;
				CLANG_WARN_NON_LITERAL_NULL_CONVERSION = YES;
				CLANG_WARN_OBJC_IMPLICIT_RETAIN_SELF = YES;
				CLANG_WARN_OBJC_LITERAL_CONVERSION = YES;
				CLANG_WARN_OBJC_ROOT_CLASS = YES_ERROR;
				CLANG_WARN_QUOTED_INCLUDE_IN_FRAMEWORK_HEADER = YES;
				CLANG_WARN_RANGE_LOOP_ANALYSIS = YES;
				CLANG_WARN_STRICT_PROTOTYPES = YES;
				CLANG_WARN_SUSPICIOUS_MOVE = YES;
				CLANG_WARN_UNGUARDED_AVAILABILITY = YES_AGGRESSIVE;
				CLANG_WARN_UNREACHABLE_CODE = YES;
				CLANG_WARN__DUPLICATE_METHOD_MATCH = YES;
				COPY_PHASE_STRIP = NO;
				DEBUG_INFORMATION_FORMAT = "dwarf-with-dsym";
				ENABLE_NS_ASSERTIONS = NO;
				ENABLE_STRICT_OBJC_MSGSEND = YES;
				GCC_C_LANGUAGE_STANDARD = gnu11;
				GCC_NO_COMMON_BLOCKS = YES;
				GCC_WARN_64_TO_32_BIT_CONVERSION = YES;
				GCC_WARN_ABOUT_RETURN_TYPE = YES_ERROR;
				GCC_WARN_UNDECLARED_SELECTOR = YES;
				GCC_WARN_UNINITIALIZED_AUTOS = YES_AGGRESSIVE;
				GCC_WARN_UNUSED_FUNCTION = YES;
				GCC_WARN_UNUSED_VARIABLE = YES;
				IPHONEOS_DEPLOYMENT_TARGET = 16.4;
				MTL_ENABLE_DEBUG_INFO = NO;
				MTL_FAST_MATH = YES;
				SDKROOT = iphoneos;
				SWIFT_COMPILATION_MODE = wholemodule;
				SWIFT_OPTIMIZATION_LEVEL = "-O";
				VALIDATE_PRODUCT = YES;
			};
			name = Release;
		};
		83466E862A6F10A5003724EC /* Debug */ = {
			isa = XCBuildConfiguration;
			buildSettings = {
				ASSETCATALOG_COMPILER_APPICON_NAME = AppIcon;
				ASSETCATALOG_COMPILER_GLOBAL_ACCENT_COLOR_NAME = AccentColor;
				CODE_SIGN_STYLE = Automatic;
				CURRENT_PROJECT_VERSION = 1;
				DEVELOPMENT_TEAM = 4GP8D4W262;
				GENERATE_INFOPLIST_FILE = YES;
				INFOPLIST_FILE = Pokedex/Info.plist;
				INFOPLIST_KEY_CFBundleDisplayName = Pokedex;
				INFOPLIST_KEY_LSApplicationCategoryType = "public.app-category.entertainment";
				INFOPLIST_KEY_UIApplicationSupportsIndirectInputEvents = YES;
				INFOPLIST_KEY_UILaunchStoryboardName = LaunchScreen;
				INFOPLIST_KEY_UIRequiresFullScreen = YES;
				INFOPLIST_KEY_UIStatusBarStyle = UIStatusBarStyleDarkContent;
				INFOPLIST_KEY_UISupportedInterfaceOrientations = UIInterfaceOrientationPortrait;
				LD_RUNPATH_SEARCH_PATHS = (
					"$(inherited)",
					"@executable_path/Frameworks",
				);
				MARKETING_VERSION = 1.0;
				PRODUCT_BUNDLE_IDENTIFIER = br.flip.Pokedex;
				PRODUCT_NAME = "$(TARGET_NAME)";
				SWIFT_EMIT_LOC_STRINGS = YES;
				SWIFT_VERSION = 5.0;
				TARGETED_DEVICE_FAMILY = "1,2";
			};
			name = Debug;
		};
		83466E872A6F10A5003724EC /* Release */ = {
			isa = XCBuildConfiguration;
			buildSettings = {
				ASSETCATALOG_COMPILER_APPICON_NAME = AppIcon;
				ASSETCATALOG_COMPILER_GLOBAL_ACCENT_COLOR_NAME = AccentColor;
				CODE_SIGN_STYLE = Automatic;
				CURRENT_PROJECT_VERSION = 1;
				DEVELOPMENT_TEAM = 4GP8D4W262;
				GENERATE_INFOPLIST_FILE = YES;
				INFOPLIST_FILE = Pokedex/Info.plist;
				INFOPLIST_KEY_CFBundleDisplayName = Pokedex;
				INFOPLIST_KEY_LSApplicationCategoryType = "public.app-category.entertainment";
				INFOPLIST_KEY_UIApplicationSupportsIndirectInputEvents = YES;
				INFOPLIST_KEY_UILaunchStoryboardName = LaunchScreen;
				INFOPLIST_KEY_UIRequiresFullScreen = YES;
				INFOPLIST_KEY_UIStatusBarStyle = UIStatusBarStyleDarkContent;
				INFOPLIST_KEY_UISupportedInterfaceOrientations = UIInterfaceOrientationPortrait;
				LD_RUNPATH_SEARCH_PATHS = (
					"$(inherited)",
					"@executable_path/Frameworks",
				);
				MARKETING_VERSION = 1.0;
				PRODUCT_BUNDLE_IDENTIFIER = br.flip.Pokedex;
				PRODUCT_NAME = "$(TARGET_NAME)";
				SWIFT_EMIT_LOC_STRINGS = YES;
				SWIFT_VERSION = 5.0;
				TARGETED_DEVICE_FAMILY = "1,2";
			};
			name = Release;
		};
/* End XCBuildConfiguration section */

/* Begin XCConfigurationList section */
		83466E6C2A6F10A4003724EC /* Build configuration list for PBXProject "Pokedex" */ = {
			isa = XCConfigurationList;
			buildConfigurations = (
				83466E832A6F10A5003724EC /* Debug */,
				83466E842A6F10A5003724EC /* Release */,
			);
			defaultConfigurationIsVisible = 0;
			defaultConfigurationName = Release;
		};
		83466E852A6F10A5003724EC /* Build configuration list for PBXNativeTarget "Pokedex" */ = {
			isa = XCConfigurationList;
			buildConfigurations = (
				83466E862A6F10A5003724EC /* Debug */,
				83466E872A6F10A5003724EC /* Release */,
			);
			defaultConfigurationIsVisible = 0;
			defaultConfigurationName = Release;
		};
/* End XCConfigurationList section */

/* Begin XCRemoteSwiftPackageReference section */
		830B45292A7B172100636E3C /* XCRemoteSwiftPackageReference "SDWebImage" */ = {
			isa = XCRemoteSwiftPackageReference;
			repositoryURL = "https://github.com/SDWebImage/SDWebImage";
			requirement = {
				kind = upToNextMajorVersion;
				minimumVersion = 5.0.0;
			};
		};
/* End XCRemoteSwiftPackageReference section */

/* Begin XCSwiftPackageProductDependency section */
		830B452A2A7B172100636E3C /* SDWebImage */ = {
			isa = XCSwiftPackageProductDependency;
			package = 830B45292A7B172100636E3C /* XCRemoteSwiftPackageReference "SDWebImage" */;
			productName = SDWebImage;
		};
/* End XCSwiftPackageProductDependency section */
	};
	rootObject = 83466E692A6F10A4003724EC /* Project object */;
}
